
Microsoft Visual Studio Solution File, Format Version 12.00
Project("{FAE04EC0-301F-11D3-BF4B-00C04F79EFBC}") = "CurrencyConverter.AppHost", "CurrencyConverter.AppHost\CurrencyConverter.AppHost.csproj", "{7256549A-382B-4C8C-8FEF-90648F623A62}"
EndProject
Project("{FAE04EC0-301F-11D3-BF4B-00C04F79EFBC}") = "CurrencyConverter.Api", "CurrencyConverter.Api\CurrencyConverter.Api.csproj", "{E3998D16-DB9A-475F-A69B-AA59466C52A3}"
EndProject
Project("{FAE04EC0-301F-11D3-BF4B-00C04F79EFBC}") = "CurrencyConverter.Infrastructure", "CurrencyConverter.Infrastructure\CurrencyConverter.Infrastructure.csproj", "{9756AE89-90C6-4EAC-BF5A-92A71B74CBC6}"
EndProject
Project("{FAE04EC0-301F-11D3-BF4B-00C04F79EFBC}") = "CurrencyConverter.Features", "CurrencyConverter.Features\CurrencyConverter.Features.csproj", "{C3088842-302C-4545-BCEC-E3C9930B0CE6}"
EndProject
Project("{FAE04EC0-301F-11D3-BF4B-00C04F79EFBC}") = "CurrencyConverter.Domain", "CurrencyConverter.Domain\CurrencyConverter.Domain.csproj", "{7DAF2F78-99C8-48F2-B2BC-764E94E635F1}"
EndProject
Global
	GlobalSection(SolutionConfigurationPlatforms) = preSolution
		Debug|Any CPU = Debug|Any CPU
		Release|Any CPU = Release|Any CPU
	EndGlobalSection
	GlobalSection(ProjectConfigurationPlatforms) = postSolution
		{7256549A-382B-4C8C-8FEF-90648F623A62}.Debug|Any CPU.ActiveCfg = Debug|Any CPU
		{7256549A-382B-4C8C-8FEF-90648F623A62}.Debug|Any CPU.Build.0 = Debug|Any CPU
		{7256549A-382B-4C8C-8FEF-90648F623A62}.Release|Any CPU.ActiveCfg = Release|Any CPU
		{7256549A-382B-4C8C-8FEF-90648F623A62}.Release|Any CPU.Build.0 = Release|Any CPU
		{E3998D16-DB9A-475F-A69B-AA59466C52A3}.Debug|Any CPU.ActiveCfg = Debug|Any CPU
		{E3998D16-DB9A-475F-A69B-AA59466C52A3}.Debug|Any CPU.Build.0 = Debug|Any CPU
		{E3998D16-DB9A-475F-A69B-AA59466C52A3}.Release|Any CPU.ActiveCfg = Release|Any CPU
		{E3998D16-DB9A-475F-A69B-AA59466C52A3}.Release|Any CPU.Build.0 = Release|Any CPU
		{9756AE89-90C6-4EAC-BF5A-92A71B74CBC6}.Debug|Any CPU.ActiveCfg = Debug|Any CPU
		{9756AE89-90C6-4EAC-BF5A-92A71B74CBC6}.Debug|Any CPU.Build.0 = Debug|Any CPU
		{9756AE89-90C6-4EAC-BF5A-92A71B74CBC6}.Release|Any CPU.ActiveCfg = Release|Any CPU
		{9756AE89-90C6-4EAC-BF5A-92A71B74CBC6}.Release|Any CPU.Build.0 = Release|Any CPU
		{C3088842-302C-4545-BCEC-E3C9930B0CE6}.Debug|Any CPU.ActiveCfg = Debug|Any CPU
		{C3088842-302C-4545-BCEC-E3C9930B0CE6}.Debug|Any CPU.Build.0 = Debug|Any CPU
		{C3088842-302C-4545-BCEC-E3C9930B0CE6}.Release|Any CPU.ActiveCfg = Release|Any CPU
		{C3088842-302C-4545-BCEC-E3C9930B0CE6}.Release|Any CPU.Build.0 = Release|Any CPU
		{7DAF2F78-99C8-48F2-B2BC-764E94E635F1}.Debug|Any CPU.ActiveCfg = Debug|Any CPU
		{7DAF2F78-99C8-48F2-B2BC-764E94E635F1}.Debug|Any CPU.Build.0 = Debug|Any CPU
		{7DAF2F78-99C8-48F2-B2BC-764E94E635F1}.Release|Any CPU.ActiveCfg = Release|Any CPU
		{7DAF2F78-99C8-48F2-B2BC-764E94E635F1}.Release|Any CPU.Build.0 = Release|Any CPU
	EndGlobalSection
EndGlobal
